
Microsoft Visual Studio Solution File, Format Version 12.00
# Visual Studio Version 17
VisualStudioVersion = 17.12.35527.113 d17.12
MinimumVisualStudioVersion = 10.0.40219.1
Project("{FAE04EC0-301F-11D3-BF4B-00C04F79EFBC}") = "ContatosApp", "ContatosApp.csproj", "{BB47B40D-5BBD-477B-B904-814BBFC25926}"
EndProject
Global
	GlobalSection(SolutionConfigurationPlatforms) = preSolution
		Debug|Any CPU = Debug|Any CPU
		Release|Any CPU = Release|Any CPU
	EndGlobalSection
	GlobalSection(ProjectConfigurationPlatforms) = postSolution
		{BB47B40D-5BBD-477B-B904-814BBFC25926}.Debug|Any CPU.ActiveCfg = Debug|Any CPU
		{BB47B40D-5BBD-477B-B904-814BBFC25926}.Debug|Any CPU.Build.0 = Debug|Any CPU
		{BB47B40D-5BBD-477B-B904-814BBFC25926}.Debug|Any CPU.Deploy.0 = Debug|Any CPU
		{BB47B40D-5BBD-477B-B904-814BBFC25926}.Release|Any CPU.ActiveCfg = Release|Any CPU
		{BB47B40D-5BBD-477B-B904-814BBFC25926}.Release|Any CPU.Build.0 = Release|Any CPU
	EndGlobalSection
	GlobalSection(SolutionProperties) = preSolution
		HideSolutionNode = FALSE
	EndGlobalSection
EndGlobal
